PODS:
  - Alamofire (4.5.1)
  - ImageSlideshow (1.0.0):
    - ImageSlideshow/Core (= 1.0.0)
  - ImageSlideshow/Core (1.0.0)
  - ImageSlideshow/SDWebImage (1.0.0):
    - ImageSlideshow/Core
    - SDWebImage (~> 3.7)
  - MagicalRecord (2.3.2):
    - MagicalRecord/Core (= 2.3.2)
  - MagicalRecord/Core (2.3.2)
  - SDWebImage (3.8.2):
    - SDWebImage/Core (= 3.8.2)
  - SDWebImage/Core (3.8.2)
  - SwiftyJSON (4.0.0)

DEPENDENCIES:
  - Alamofire
  - ImageSlideshow (~> 1.0.0)
  - ImageSlideshow/SDWebImage
  - MagicalRecord
  - SDWebImage (~> 3.8)
  - SwiftyJSON

SPEC CHECKSUMS:
  Alamofire: 2d95912bf4c34f164fdfc335872e8c312acaea4a
  ImageSlideshow: 2787e10e202b79ecf5348a205c539fcc5bb8e62b
  MagicalRecord: 53bed74b4323b930992a725be713e53b37d19755
  SDWebImage: 098e97e6176540799c27e804c96653ee0833d13c
  SwiftyJSON: 070dabdcb1beb81b247c65ffa3a79dbbfb3b48aa

PODFILE CHECKSUM: af65e5cab1b5dd2e7a53a541f91e6bd44163ca86

COCOAPODS: 1.3.1
